
Microsoft Visual Studio Solution File, Format Version 12.00
# Visual Studio Version 16
VisualStudioVersion = 25.0.1705.0
MinimumVisualStudioVersion = 10.0.40219.1
Project("{FAE04EC0-301F-11D3-BF4B-00C04F79EFBC}") = "AdvancedIf", "AdvancedIf.csproj", "{EBCFE7B4-BCAF-4248-9D38-7265CE739094}"
EndProject
Global
	GlobalSection(SolutionConfigurationPlatforms) = preSolution
		Debug|Any CPU = Debug|Any CPU
		Release|Any CPU = Release|Any CPU
	EndGlobalSection
	GlobalSection(ProjectConfigurationPlatforms) = postSolution
		{EBCFE7B4-BCAF-4248-9D38-7265CE739094}.Debug|Any CPU.ActiveCfg = Debug|Any CPU
		{EBCFE7B4-BCAF-4248-9D38-7265CE739094}.Debug|Any CPU.Build.0 = Debug|Any CPU
		{EBCFE7B4-BCAF-4248-9D38-7265CE739094}.Release|Any CPU.ActiveCfg = Release|Any CPU
		{EBCFE7B4-BCAF-4248-9D38-7265CE739094}.Release|Any CPU.Build.0 = Release|Any CPU
	EndGlobalSection
	GlobalSection(SolutionProperties) = preSolution
		HideSolutionNode = FALSE
	EndGlobalSection
	GlobalSection(ExtensibilityGlobals) = postSolution
		SolutionGuid = {39F92628-3C95-42ED-A06E-E2AFB90A909C}
	EndGlobalSection
EndGlobal
